// !$*UTF8*$!
{
	archiveVersion = 1;
	classes = {
	};
	objectVersion = 46;
	objects = {

/* Begin PBXBuildFile section */
		2CA0E7921E619B3F00A826E9 /* main.m in Sources */ = {isa = PBXBuildFile; fileRef = 2CA0E7911E619B3F00A826E9 /* main.m */; };
		2CA0E7951E619B3F00A826E9 /* AppDelegate.m in Sources */ = {isa = PBXBuildFile; fileRef = 2CA0E7941E619B3F00A826E9 /* AppDelegate.m */; };
		2CA0E7981E619B3F00A826E9 /* ViewController.m in Sources */ = {isa = PBXBuildFile; fileRef = 2CA0E7971E619B3F00A826E9 /* ViewController.m */; };
		2CA0E79D1E619B3F00A826E9 /* Assets.xcassets in Resources */ = {isa = PBXBuildFile; fileRef = 2CA0E79C1E619B3F00A826E9 /* Assets.xcassets */; };
		2CA0E7A01E619B3F00A826E9 /* LaunchScreen.storyboard in Resources */ = {isa = PBXBuildFile; fileRef = 2CA0E79E1E619B3F00A826E9 /* LaunchScreen.storyboard */; };
		2CA0E7AB1E619B3F00A826E9 /* intelligentFloorTests.m in Sources */ = {isa = PBXBuildFile; fileRef = 2CA0E7AA1E619B3F00A826E9 /* intelligentFloorTests.m */; };
		2CA0E7B61E619B3F00A826E9 /* intelligentFloorUITests.m in Sources */ = {isa = PBXBuildFile; fileRef = 2CA0E7B51E619B3F00A826E9 /* intelligentFloorUITests.m */; };
		2CA0E7CB1E62656900A826E9 /* loginView.m in Sources */ = {isa = PBXBuildFile; fileRef = 2CA0E7CA1E62656900A826E9 /* loginView.m */; };
		2CA0E7CD1E6266F400A826E9 /* Main.storyboard in Resources */ = {isa = PBXBuildFile; fileRef = 2CA0E7CC1E6266F400A826E9 /* Main.storyboard */; };
		2CA0E7D61E62922600A826E9 /* UIView+YSTextInputKeyboard.m in Sources */ = {isa = PBXBuildFile; fileRef = 2CA0E7D51E62922600A826E9 /* UIView+YSTextInputKeyboard.m */; };
		2CA0E7D91E62B73D00A826E9 /* loginVC.m in Sources */ = {isa = PBXBuildFile; fileRef = 2CA0E7D81E62B73D00A826E9 /* loginVC.m */; };
		2CA0E7DC1E62BCAA00A826E9 /* stepStVC.m in Sources */ = {isa = PBXBuildFile; fileRef = 2CA0E7DB1E62BCAA00A826E9 /* stepStVC.m */; };
		2CA0E7DF1E62BCB800A826E9 /* peopleStVC.m in Sources */ = {isa = PBXBuildFile; fileRef = 2CA0E7DE1E62BCB800A826E9 /* peopleStVC.m */; };
		2CA0E7E81E63CA3300A826E9 /* PopoverSelector.m in Sources */ = {isa = PBXBuildFile; fileRef = 2CA0E7E51E63CA3300A826E9 /* PopoverSelector.m */; };
		2CA0E7E91E63CA3300A826E9 /* TimeRangePicker.m in Sources */ = {isa = PBXBuildFile; fileRef = 2CA0E7E71E63CA3300A826E9 /* TimeRangePicker.m */; };
		2CA0E7EC1E63CCF000A826E9 /* settingVC.m in Sources */ = {isa = PBXBuildFile; fileRef = 2CA0E7EB1E63CCF000A826E9 /* settingVC.m */; };
		74955E46FA1AF1C81784144F /* libPods-intelligentFloor.a in Frameworks */ = {isa = PBXBuildFile; fileRef = 745F5F86E6C0A356D9EACCF2 /* libPods-intelligentFloor.a */; };
/* End PBXBuildFile section */

/* Begin PBXContainerItemProxy section */
		2CA0E7A71E619B3F00A826E9 /* PBXContainerItemProxy */ = {
			isa = PBXContainerItemProxy;
			containerPortal = 2CA0E7851E619B3F00A826E9 /* Project object */;
			proxyType = 1;
			remoteGlobalIDString = 2CA0E78C1E619B3F00A826E9;
			remoteInfo = intelligentFloor;
		};
		2CA0E7B21E619B3F00A826E9 /* PBXContainerItemProxy */ = {
			isa = PBXContainerItemProxy;
			containerPortal = 2CA0E7851E619B3F00A826E9 /* Project object */;
			proxyType = 1;
			remoteGlobalIDString = 2CA0E78C1E619B3F00A826E9;
			remoteInfo = intelligentFloor;
		};
/* End PBXContainerItemProxy section */

/* Begin PBXFileReference section */
		2CA0E78D1E619B3F00A826E9 /* intelligentFloor.app */ = {isa = PBXFileReference; explicitFileType = wrapper.application; includeInIndex = 0; path = intelligentFloor.app; sourceTree = BUILT_PRODUCTS_DIR; };
		2CA0E7911E619B3F00A826E9 /* main.m */ = {isa = PBXFileReference; lastKnownFileType = sourcecode.c.objc; path = main.m; sourceTree = "<group>"; };
		2CA0E7931E619B3F00A826E9 /* AppDelegate.h */ = {isa = PBXFileReference; lastKnownFileType = sourcecode.c.h; path = AppDelegate.h; sourceTree = "<group>"; };
		2CA0E7941E619B3F00A826E9 /* AppDelegate.m */ = {isa = PBXFileReference; lastKnownFileType = sourcecode.c.objc; path = AppDelegate.m; sourceTree = "<group>"; };
		2CA0E7961E619B3F00A826E9 /* ViewController.h */ = {isa = PBXFileReference; lastKnownFileType = sourcecode.c.h; path = ViewController.h; sourceTree = "<group>"; };
		2CA0E7971E619B3F00A826E9 /* ViewController.m */ = {isa = PBXFileReference; lastKnownFileType = sourcecode.c.objc; path = ViewController.m; sourceTree = "<group>"; };
		2CA0E79C1E619B3F00A826E9 /* Assets.xcassets */ = {isa = PBXFileReference; lastKnownFileType = folder.assetcatalog; path = Assets.xcassets; sourceTree = "<group>"; };
		2CA0E79F1E619B3F00A826E9 /* Base */ = {isa = PBXFileReference; lastKnownFileType = file.storyboard; name = Base; path = Base.lproj/LaunchScreen.storyboard; sourceTree = "<group>"; };
		2CA0E7A11E619B3F00A826E9 /* Info.plist */ = {isa = PBXFileReference; lastKnownFileType = text.plist.xml; path = Info.plist; sourceTree = "<group>"; };
		2CA0E7A61E619B3F00A826E9 /* intelligentFloorTests.xctest */ = {isa = PBXFileReference; explicitFileType = wrapper.cfbundle; includeInIndex = 0; path = intelligentFloorTests.xctest; sourceTree = BUILT_PRODUCTS_DIR; };
		2CA0E7AA1E619B3F00A826E9 /* intelligentFloorTests.m */ = {isa = PBXFileReference; lastKnownFileType = sourcecode.c.objc; path = intelligentFloorTests.m; sourceTree = "<group>"; };
		2CA0E7AC1E619B3F00A826E9 /* Info.plist */ = {isa = PBXFileReference; lastKnownFileType = text.plist.xml; path = Info.plist; sourceTree = "<group>"; };
		2CA0E7B11E619B3F00A826E9 /* intelligentFloorUITests.xctest */ = {isa = PBXFileReference; explicitFileType = wrapper.cfbundle; includeInIndex = 0; path = intelligentFloorUITests.xctest; sourceTree = BUILT_PRODUCTS_DIR; };
		2CA0E7B51E619B3F00A826E9 /* intelligentFloorUITests.m */ = {isa = PBXFileReference; lastKnownFileType = sourcecode.c.objc; path = intelligentFloorUITests.m; sourceTree = "<group>"; };
		2CA0E7B71E619B3F00A826E9 /* Info.plist */ = {isa = PBXFileReference; lastKnownFileType = text.plist.xml; path = Info.plist; sourceTree = "<group>"; };
		2CA0E7C91E62656900A826E9 /* loginView.h */ = {isa = PBXFileReference; fileEncoding = 4; lastKnownFileType = sourcecode.c.h; path = loginView.h; sourceTree = "<group>"; };
		2CA0E7CA1E62656900A826E9 /* loginView.m */ = {isa = PBXFileReference; fileEncoding = 4; lastKnownFileType = sourcecode.c.objc; path = loginView.m; sourceTree = "<group>"; };
		2CA0E7CC1E6266F400A826E9 /* Main.storyboard */ = {isa = PBXFileReference; fileEncoding = 4; lastKnownFileType = file.storyboard; path = Main.storyboard; sourceTree = "<group>"; };
		2CA0E7CE1E62694900A826E9 /* PrefixHeader.pch */ = {isa = PBXFileReference; lastKnownFileType = sourcecode.c.h; path = PrefixHeader.pch; sourceTree = "<group>"; };
		2CA0E7D41E62922600A826E9 /* UIView+YSTextInputKeyboard.h */ = {isa = PBXFileReference; fileEncoding = 4; lastKnownFileType = sourcecode.c.h; path = "UIView+YSTextInputKeyboard.h"; sourceTree = "<group>"; };
		2CA0E7D51E62922600A826E9 /* UIView+YSTextInputKeyboard.m */ = {isa = PBXFileReference; fileEncoding = 4; lastKnownFileType = sourcecode.c.objc; path = "UIView+YSTextInputKeyboard.m"; sourceTree = "<group>"; };
		2CA0E7D71E62B73D00A826E9 /* loginVC.h */ = {isa = PBXFileReference; fileEncoding = 4; lastKnownFileType = sourcecode.c.h; path = loginVC.h; sourceTree = "<group>"; };
		2CA0E7D81E62B73D00A826E9 /* loginVC.m */ = {isa = PBXFileReference; fileEncoding = 4; lastKnownFileType = sourcecode.c.objc; path = loginVC.m; sourceTree = "<group>"; };
		2CA0E7DA1E62BCAA00A826E9 /* stepStVC.h */ = {isa = PBXFileReference; fileEncoding = 4; lastKnownFileType = sourcecode.c.h; path = stepStVC.h; sourceTree = "<group>"; };
		2CA0E7DB1E62BCAA00A826E9 /* stepStVC.m */ = {isa = PBXFileReference; fileEncoding = 4; lastKnownFileType = sourcecode.c.objc; path = stepStVC.m; sourceTree = "<group>"; };
		2CA0E7DD1E62BCB800A826E9 /* peopleStVC.h */ = {isa = PBXFileReference; fileEncoding = 4; lastKnownFileType = sourcecode.c.h; path = peopleStVC.h; sourceTree = "<group>"; };
		2CA0E7DE1E62BCB800A826E9 /* peopleStVC.m */ = {isa = PBXFileReference; fileEncoding = 4; lastKnownFileType = sourcecode.c.objc; path = peopleStVC.m; sourceTree = "<group>"; };
		2CA0E7E41E63CA3300A826E9 /* PopoverSelector.h */ = {isa = PBXFileReference; fileEncoding = 4; lastKnownFileType = sourcecode.c.h; path = PopoverSelector.h; sourceTree = "<group>"; };
		2CA0E7E51E63CA3300A826E9 /* PopoverSelector.m */ = {isa = PBXFileReference; fileEncoding = 4; lastKnownFileType = sourcecode.c.objc; path = PopoverSelector.m; sourceTree = "<group>"; };
		2CA0E7E61E63CA3300A826E9 /* TimeRangePicker.h */ = {isa = PBXFileReference; fileEncoding = 4; lastKnownFileType = sourcecode.c.h; path = TimeRangePicker.h; sourceTree = "<group>"; };
		2CA0E7E71E63CA3300A826E9 /* TimeRangePicker.m */ = {isa = PBXFileReference; fileEncoding = 4; lastKnownFileType = sourcecode.c.objc; path = TimeRangePicker.m; sourceTree = "<group>"; };
		2CA0E7EA1E63CCF000A826E9 /* settingVC.h */ = {isa = PBXFileReference; fileEncoding = 4; lastKnownFileType = sourcecode.c.h; path = settingVC.h; sourceTree = "<group>"; };
		2CA0E7EB1E63CCF000A826E9 /* settingVC.m */ = {isa = PBXFileReference; fileEncoding = 4; lastKnownFileType = sourcecode.c.objc; path = settingVC.m; sourceTree = "<group>"; };
		31AC3312BA98114DA396568B /* Pods-intelligentFloor.release.xcconfig */ = {isa = PBXFileReference; includeInIndex = 1; lastKnownFileType = text.xcconfig; name = "Pods-intelligentFloor.release.xcconfig"; path = "Pods/Target Support Files/Pods-intelligentFloor/Pods-intelligentFloor.release.xcconfig"; sourceTree = "<group>"; };
		745F5F86E6C0A356D9EACCF2 /* libPods-intelligentFloor.a */ = {isa = PBXFileReference; explicitFileType = archive.ar; includeInIndex = 0; path = "libPods-intelligentFloor.a"; sourceTree = BUILT_PRODUCTS_DIR; };
		F5CB5BF37732249F352C73B3 /* Pods-intelligentFloor.debug.xcconfig */ = {isa = PBXFileReference; includeInIndex = 1; lastKnownFileType = text.xcconfig; name = "Pods-intelligentFloor.debug.xcconfig"; path = "Pods/Target Support Files/Pods-intelligentFloor/Pods-intelligentFloor.debug.xcconfig"; sourceTree = "<group>"; };
/* End PBXFileReference section */

/* Begin PBXFrameworksBuildPhase section */
		2CA0E78A1E619B3F00A826E9 /* Frameworks */ = {
			isa = PBXFrameworksBuildPhase;
			buildActionMask = 2147483647;
			files = (
				74955E46FA1AF1C81784144F /* libPods-intelligentFloor.a in Frameworks */,
			);
			runOnlyForDeploymentPostprocessing = 0;
		};
		2CA0E7A31E619B3F00A826E9 /* Frameworks */ = {
			isa = PBXFrameworksBuildPhase;
			buildActionMask = 2147483647;
			files = (
			);
			runOnlyForDeploymentPostprocessing = 0;
		};
		2CA0E7AE1E619B3F00A826E9 /* Frameworks */ = {
			isa = PBXFrameworksBuildPhase;
			buildActionMask = 2147483647;
			files = (
			);
			runOnlyForDeploymentPostprocessing = 0;
		};
/* End PBXFrameworksBuildPhase section */

/* Begin PBXGroup section */
		2CA0E7841E619B3F00A826E9 = {
			isa = PBXGroup;
			children = (
				2CA0E78F1E619B3F00A826E9 /* intelligentFloor */,
				2CA0E7A91E619B3F00A826E9 /* intelligentFloorTests */,
				2CA0E7B41E619B3F00A826E9 /* intelligentFloorUITests */,
				2CA0E78E1E619B3F00A826E9 /* Products */,
				6872581C461BFBB3357B1F48 /* Pods */,
				8F6E4BF92CDF5AAD71BA7D7A /* Frameworks */,
			);
			sourceTree = "<group>";
		};
		2CA0E78E1E619B3F00A826E9 /* Products */ = {
			isa = PBXGroup;
			children = (
				2CA0E78D1E619B3F00A826E9 /* intelligentFloor.app */,
				2CA0E7A61E619B3F00A826E9 /* intelligentFloorTests.xctest */,
				2CA0E7B11E619B3F00A826E9 /* intelligentFloorUITests.xctest */,
			);
			name = Products;
			sourceTree = "<group>";
		};
		2CA0E78F1E619B3F00A826E9 /* intelligentFloor */ = {
			isa = PBXGroup;
			children = (
				2CA0E7C41E62621800A826E9 /* Other */,
				2CA0E7C31E62620A00A826E9 /* Controller */,
				2CA0E7C51E62623300A826E9 /* View */,
				2CA0E7901E619B3F00A826E9 /* Supporting Files */,
			);
			path = intelligentFloor;
			sourceTree = "<group>";
		};
		2CA0E7901E619B3F00A826E9 /* Supporting Files */ = {
			isa = PBXGroup;
			children = (
				2CA0E7911E619B3F00A826E9 /* main.m */,
			);
			name = "Supporting Files";
			sourceTree = "<group>";
		};
		2CA0E7A91E619B3F00A826E9 /* intelligentFloorTests */ = {
			isa = PBXGroup;
			children = (
				2CA0E7AA1E619B3F00A826E9 /* intelligentFloorTests.m */,
				2CA0E7AC1E619B3F00A826E9 /* Info.plist */,
			);
			path = intelligentFloorTests;
			sourceTree = "<group>";
		};
		2CA0E7B41E619B3F00A826E9 /* intelligentFloorUITests */ = {
			isa = PBXGroup;
			children = (
				2CA0E7B51E619B3F00A826E9 /* intelligentFloorUITests.m */,
				2CA0E7B71E619B3F00A826E9 /* Info.plist */,
			);
			path = intelligentFloorUITests;
			sourceTree = "<group>";
		};
		2CA0E7C31E62620A00A826E9 /* Controller */ = {
			isa = PBXGroup;
			children = (
				2CA0E7961E619B3F00A826E9 /* ViewController.h */,
				2CA0E7971E619B3F00A826E9 /* ViewController.m */,
				2CA0E7D71E62B73D00A826E9 /* loginVC.h */,
				2CA0E7D81E62B73D00A826E9 /* loginVC.m */,
				2CA0E7DA1E62BCAA00A826E9 /* stepStVC.h */,
				2CA0E7DB1E62BCAA00A826E9 /* stepStVC.m */,
				2CA0E7DD1E62BCB800A826E9 /* peopleStVC.h */,
				2CA0E7DE1E62BCB800A826E9 /* peopleStVC.m */,
				2CA0E7EA1E63CCF000A826E9 /* settingVC.h */,
				2CA0E7EB1E63CCF000A826E9 /* settingVC.m */,
			);
			name = Controller;
			sourceTree = "<group>";
		};
		2CA0E7C41E62621800A826E9 /* Other */ = {
			isa = PBXGroup;
			children = (
				2CA0E79C1E619B3F00A826E9 /* Assets.xcassets */,
				2CA0E7A11E619B3F00A826E9 /* Info.plist */,
				2CA0E7931E619B3F00A826E9 /* AppDelegate.h */,
				2CA0E7941E619B3F00A826E9 /* AppDelegate.m */,
				2CA0E7CE1E62694900A826E9 /* PrefixHeader.pch */,
				2CA0E7E31E63CA3300A826E9 /* TimeRangeSelector */,
				2CA0E7D31E62922600A826E9 /* Lib */,
			);
			name = Other;
			sourceTree = "<group>";
		};
		2CA0E7C51E62623300A826E9 /* View */ = {
			isa = PBXGroup;
			children = (
				2CA0E79E1E619B3F00A826E9 /* LaunchScreen.storyboard */,
				2CA0E7CC1E6266F400A826E9 /* Main.storyboard */,
				2CA0E7C91E62656900A826E9 /* loginView.h */,
				2CA0E7CA1E62656900A826E9 /* loginView.m */,
			);
			name = View;
			sourceTree = "<group>";
		};
		2CA0E7D31E62922600A826E9 /* Lib */ = {
			isa = PBXGroup;
			children = (
				2CA0E7D41E62922600A826E9 /* UIView+YSTextInputKeyboard.h */,
				2CA0E7D51E62922600A826E9 /* UIView+YSTextInputKeyboard.m */,
			);
			path = Lib;
			sourceTree = "<group>";
		};
		2CA0E7E31E63CA3300A826E9 /* TimeRangeSelector */ = {
			isa = PBXGroup;
			children = (
				2CA0E7E41E63CA3300A826E9 /* PopoverSelector.h */,
				2CA0E7E51E63CA3300A826E9 /* PopoverSelector.m */,
				2CA0E7E61E63CA3300A826E9 /* TimeRangePicker.h */,
				2CA0E7E71E63CA3300A826E9 /* TimeRangePicker.m */,
			);
			path = TimeRangeSelector;
			sourceTree = "<group>";
		};
		6872581C461BFBB3357B1F48 /* Pods */ = {
			isa = PBXGroup;
			children = (
				F5CB5BF37732249F352C73B3 /* Pods-intelligentFloor.debug.xcconfig */,
				31AC3312BA98114DA396568B /* Pods-intelligentFloor.release.xcconfig */,
			);
			name = Pods;
			sourceTree = "<group>";
		};
		8F6E4BF92CDF5AAD71BA7D7A /* Frameworks */ = {
			isa = PBXGroup;
			children = (
				745F5F86E6C0A356D9EACCF2 /* libPods-intelligentFloor.a */,
			);
			name = Frameworks;
			sourceTree = "<group>";
		};
/* End PBXGroup section */

/* Begin PBXNativeTarget section */
		2CA0E78C1E619B3F00A826E9 /* intelligentFloor */ = {
			isa = PBXNativeTarget;
			buildConfigurationList = 2CA0E7BA1E619B3F00A826E9 /* Build configuration list for PBXNativeTarget "intelligentFloor" */;
			buildPhases = (
				F6FCE0519509817BCBB93E6B /* [CP] Check Pods Manifest.lock */,
				2CA0E7891E619B3F00A826E9 /* Sources */,
				2CA0E78A1E619B3F00A826E9 /* Frameworks */,
				2CA0E78B1E619B3F00A826E9 /* Resources */,
				F30B4499E5644B1DAD269BF5 /* [CP] Embed Pods Frameworks */,
				9B07FF08F20C873BA83C97D6 /* [CP] Copy Pods Resources */,
			);
			buildRules = (
			);
			dependencies = (
			);
			name = intelligentFloor;
			productName = intelligentFloor;
			productReference = 2CA0E78D1E619B3F00A826E9 /* intelligentFloor.app */;
			productType = "com.apple.product-type.application";
		};
		2CA0E7A51E619B3F00A826E9 /* intelligentFloorTests */ = {
			isa = PBXNativeTarget;
			buildConfigurationList = 2CA0E7BD1E619B3F00A826E9 /* Build configuration list for PBXNativeTarget "intelligentFloorTests" */;
			buildPhases = (
				2CA0E7A21E619B3F00A826E9 /* Sources */,
				2CA0E7A31E619B3F00A826E9 /* Frameworks */,
				2CA0E7A41E619B3F00A826E9 /* Resources */,
			);
			buildRules = (
			);
			dependencies = (
				2CA0E7A81E619B3F00A826E9 /* PBXTargetDependency */,
			);
			name = intelligentFloorTests;
			productName = intelligentFloorTests;
			productReference = 2CA0E7A61E619B3F00A826E9 /* intelligentFloorTests.xctest */;
			productType = "com.apple.product-type.bundle.unit-test";
		};
		2CA0E7B01E619B3F00A826E9 /* intelligentFloorUITests */ = {
			isa = PBXNativeTarget;
			buildConfigurationList = 2CA0E7C01E619B3F00A826E9 /* Build configuration list for PBXNativeTarget "intelligentFloorUITests" */;
			buildPhases = (
				2CA0E7AD1E619B3F00A826E9 /* Sources */,
				2CA0E7AE1E619B3F00A826E9 /* Frameworks */,
				2CA0E7AF1E619B3F00A826E9 /* Resources */,
			);
			buildRules = (
			);
			dependencies = (
				2CA0E7B31E619B3F00A826E9 /* PBXTargetDependency */,
			);
			name = intelligentFloorUITests;
			productName = intelligentFloorUITests;
			productReference = 2CA0E7B11E619B3F00A826E9 /* intelligentFloorUITests.xctest */;
			productType = "com.apple.product-type.bundle.ui-testing";
		};
/* End PBXNativeTarget section */

/* Begin PBXProject section */
		2CA0E7851E619B3F00A826E9 /* Project object */ = {
			isa = PBXProject;
			attributes = {
				LastUpgradeCheck = 0820;
				ORGANIZATIONNAME = "#incloud";
				TargetAttributes = {
					2CA0E78C1E619B3F00A826E9 = {
						CreatedOnToolsVersion = 8.2.1;
						DevelopmentTeam = U6J5965DZK;
						ProvisioningStyle = Automatic;
					};
					2CA0E7A51E619B3F00A826E9 = {
						CreatedOnToolsVersion = 8.2.1;
						DevelopmentTeam = U6J5965DZK;
						ProvisioningStyle = Automatic;
						TestTargetID = 2CA0E78C1E619B3F00A826E9;
					};
					2CA0E7B01E619B3F00A826E9 = {
						CreatedOnToolsVersion = 8.2.1;
						DevelopmentTeam = U6J5965DZK;
						ProvisioningStyle = Automatic;
						TestTargetID = 2CA0E78C1E619B3F00A826E9;
					};
				};
			};
			buildConfigurationList = 2CA0E7881E619B3F00A826E9 /* Build configuration list for PBXProject "intelligentFloor" */;
			compatibilityVersion = "Xcode 3.2";
			developmentRegion = English;
			hasScannedForEncodings = 0;
			knownRegions = (
				en,
				Base,
			);
			mainGroup = 2CA0E7841E619B3F00A826E9;
			productRefGroup = 2CA0E78E1E619B3F00A826E9 /* Products */;
			projectDirPath = "";
			projectRoot = "";
			targets = (
				2CA0E78C1E619B3F00A826E9 /* intelligentFloor */,
				2CA0E7A51E619B3F00A826E9 /* intelligentFloorTests */,
				2CA0E7B01E619B3F00A826E9 /* intelligentFloorUITests */,
			);
		};
/* End PBXProject section */

/* Begin PBXResourcesBuildPhase section */
		2CA0E78B1E619B3F00A826E9 /* Resources */ = {
			isa = PBXResourcesBuildPhase;
			buildActionMask = 2147483647;
			files = (
				2CA0E7CD1E6266F400A826E9 /* Main.storyboard in Resources */,
				2CA0E7A01E619B3F00A826E9 /* LaunchScreen.storyboard in Resources */,
				2CA0E79D1E619B3F00A826E9 /* Assets.xcassets in Resources */,
			);
			runOnlyForDeploymentPostprocessing = 0;
		};
		2CA0E7A41E619B3F00A826E9 /* Resources */ = {
			isa = PBXResourcesBuildPhase;
			buildActionMask = 2147483647;
			files = (
			);
			runOnlyForDeploymentPostprocessing = 0;
		};
		2CA0E7AF1E619B3F00A826E9 /* Resources */ = {
			isa = PBXResourcesBuildPhase;
			buildActionMask = 2147483647;
			files = (
			);
			runOnlyForDeploymentPostprocessing = 0;
		};
/* End PBXResourcesBuildPhase section */

/* Begin PBXShellScriptBuildPhase section */
		9B07FF08F20C873BA83C97D6 /* [CP] Copy Pods Resources */ = {
			isa = PBXShellScriptBuildPhase;
			buildActionMask = 2147483647;
			files = (
			);
			inputPaths = (
			);
			name = "[CP] Copy Pods Resources";
			outputPaths = (
			);
			runOnlyForDeploymentPostprocessing = 0;
			shellPath = /bin/sh;
			shellScript = "\"${SRCROOT}/Pods/Target Support Files/Pods-intelligentFloor/Pods-intelligentFloor-resources.sh\"\n";
			showEnvVarsInLog = 0;
		};
		F30B4499E5644B1DAD269BF5 /* [CP] Embed Pods Frameworks */ = {
			isa = PBXShellScriptBuildPhase;
			buildActionMask = 2147483647;
			files = (
			);
			inputPaths = (
			);
			name = "[CP] Embed Pods Frameworks";
			outputPaths = (
			);
			runOnlyForDeploymentPostprocessing = 0;
			shellPath = /bin/sh;
			shellScript = "\"${SRCROOT}/Pods/Target Support Files/Pods-intelligentFloor/Pods-intelligentFloor-frameworks.sh\"\n";
			showEnvVarsInLog = 0;
		};
		F6FCE0519509817BCBB93E6B /* [CP] Check Pods Manifest.lock */ = {
			isa = PBXShellScriptBuildPhase;
			buildActionMask = 2147483647;
			files = (
			);
			inputPaths = (
			);
			name = "[CP] Check Pods Manifest.lock";
			outputPaths = (
			);
			runOnlyForDeploymentPostprocessing = 0;
			shellPath = /bin/sh;
			shellScript = "diff \"${PODS_ROOT}/../Podfile.lock\" \"${PODS_ROOT}/Manifest.lock\" > /dev/null\nif [ $? != 0 ] ; then\n    # print error to STDERR\n    echo \"error: The sandbox is not in sync with the Podfile.lock. Run 'pod install' or update your CocoaPods installation.\" >&2\n    exit 1\nfi\n";
			showEnvVarsInLog = 0;
		};
/* End PBXShellScriptBuildPhase section */

/* Begin PBXSourcesBuildPhase section */
		2CA0E7891E619B3F00A826E9 /* Sources */ = {
			isa = PBXSourcesBuildPhase;
			buildActionMask = 2147483647;
			files = (
				2CA0E7981E619B3F00A826E9 /* ViewController.m in Sources */,
				2CA0E7D61E62922600A826E9 /* UIView+YSTextInputKeyboard.m in Sources */,
				2CA0E7E81E63CA3300A826E9 /* PopoverSelector.m in Sources */,
				2CA0E7E91E63CA3300A826E9 /* TimeRangePicker.m in Sources */,
				2CA0E7EC1E63CCF000A826E9 /* settingVC.m in Sources */,
				2CA0E7951E619B3F00A826E9 /* AppDelegate.m in Sources */,
				2CA0E7CB1E62656900A826E9 /* loginView.m in Sources */,
				2CA0E7DF1E62BCB800A826E9 /* peopleStVC.m in Sources */,
				2CA0E7DC1E62BCAA00A826E9 /* stepStVC.m in Sources */,
				2CA0E7D91E62B73D00A826E9 /* loginVC.m in Sources */,
				2CA0E7921E619B3F00A826E9 /* main.m in Sources */,
			);
			runOnlyForDeploymentPostprocessing = 0;
		};
		2CA0E7A21E619B3F00A826E9 /* Sources */ = {
			isa = PBXSourcesBuildPhase;
			buildActionMask = 2147483647;
			files = (
				2CA0E7AB1E619B3F00A826E9 /* intelligentFloorTests.m in Sources */,
			);
			runOnlyForDeploymentPostprocessing = 0;
		};
		2CA0E7AD1E619B3F00A826E9 /* Sources */ = {
			isa = PBXSourcesBuildPhase;
			buildActionMask = 2147483647;
			files = (
				2CA0E7B61E619B3F00A826E9 /* intelligentFloorUITests.m in Sources */,
			);
			runOnlyForDeploymentPostprocessing = 0;
		};
/* End PBXSourcesBuildPhase section */

/* Begin PBXTargetDependency section */
		2CA0E7A81E619B3F00A826E9 /* PBXTargetDependency */ = {
			isa = PBXTargetDependency;
			target = 2CA0E78C1E619B3F00A826E9 /* intelligentFloor */;
			targetProxy = 2CA0E7A71E619B3F00A826E9 /* PBXContainerItemProxy */;
		};
		2CA0E7B31E619B3F00A826E9 /* PBXTargetDependency */ = {
			isa = PBXTargetDependency;
			target = 2CA0E78C1E619B3F00A826E9 /* intelligentFloor */;
			targetProxy = 2CA0E7B21E619B3F00A826E9 /* PBXContainerItemProxy */;
		};
/* End PBXTargetDependency section */

/* Begin PBXVariantGroup section */
		2CA0E79E1E619B3F00A826E9 /* LaunchScreen.storyboard */ = {
			isa = PBXVariantGroup;
			children = (
				2CA0E79F1E619B3F00A826E9 /* Base */,
			);
			name = LaunchScreen.storyboard;
			sourceTree = "<group>";
		};
/* End PBXVariantGroup section */

/* Begin XCBuildConfiguration section */
		2CA0E7B81E619B3F00A826E9 /* Debug */ = {
			isa = XCBuildConfiguration;
			buildSettings = {
				ALWAYS_SEARCH_USER_PATHS = NO;
				CLANG_ANALYZER_NONNULL = YES;
				CLANG_CXX_LANGUAGE_STANDARD = "gnu++0x";
				CLANG_CXX_LIBRARY = "libc++";
				CLANG_ENABLE_MODULES = YES;
				CLANG_ENABLE_OBJC_ARC = YES;
				CLANG_WARN_BOOL_CONVERSION = YES;
				CLANG_WARN_CONSTANT_CONVERSION = YES;
				CLANG_WARN_DIRECT_OBJC_ISA_USAGE = YES_ERROR;
				CLANG_WARN_DOCUMENTATION_COMMENTS = YES;
				CLANG_WARN_EMPTY_BODY = YES;
				CLANG_WARN_ENUM_CONVERSION = YES;
				CLANG_WARN_INFINITE_RECURSION = YES;
				CLANG_WARN_INT_CONVERSION = YES;
				CLANG_WARN_OBJC_ROOT_CLASS = YES_ERROR;
				CLANG_WARN_SUSPICIOUS_MOVE = YES;
				CLANG_WARN_UNREACHABLE_CODE = YES;
				CLANG_WARN__DUPLICATE_METHOD_MATCH = YES;
				"CODE_SIGN_IDENTITY[sdk=iphoneos*]" = "iPhone Developer";
				COPY_PHASE_STRIP = NO;
				DEBUG_INFORMATION_FORMAT = dwarf;
				ENABLE_STRICT_OBJC_MSGSEND = YES;
				ENABLE_TESTABILITY = YES;
				GCC_C_LANGUAGE_STANDARD = gnu99;
				GCC_DYNAMIC_NO_PIC = NO;
				GCC_NO_COMMON_BLOCKS = YES;
				GCC_OPTIMIZATION_LEVEL = 0;
				GCC_PREFIX_HEADER = intelligentFloor/PrefixHeader.pch;
				GCC_PREPROCESSOR_DEFINITIONS = (
					"DEBUG=1",
					"$(inherited)",
				);
				GCC_WARN_64_TO_32_BIT_CONVERSION = YES;
				GCC_WARN_ABOUT_RETURN_TYPE = YES_ERROR;
				GCC_WARN_UNDECLARED_SELECTOR = YES;
				GCC_WARN_UNINITIALIZED_AUTOS = YES_AGGRESSIVE;
				GCC_WARN_UNUSED_FUNCTION = YES;
				GCC_WARN_UNUSED_VARIABLE = YES;
				IPHONEOS_DEPLOYMENT_TARGET = 8.4;
				MTL_ENABLE_DEBUG_INFO = YES;
				ONLY_ACTIVE_ARCH = YES;
				SDKROOT = iphoneos;
			};
			name = Debug;
		};
		2CA0E7B91E619B3F00A826E9 /* Release */ = {
			isa = XCBuildConfiguration;
			buildSettings = {
				ALWAYS_SEARCH_USER_PATHS = NO;
				CLANG_ANALYZER_NONNULL = YES;
				CLANG_CXX_LANGUAGE_STANDARD = "gnu++0x";
				CLANG_CXX_LIBRARY = "libc++";
				CLANG_ENABLE_MODULES = YES;
				CLANG_ENABLE_OBJC_ARC = YES;
				CLANG_WARN_BOOL_CONVERSION = YES;
				CLANG_WARN_CONSTANT_CONVERSION = YES;
				CLANG_WARN_DIRECT_OBJC_ISA_USAGE = YES_ERROR;
				CLANG_WARN_DOCUMENTATION_COMMENTS = YES;
				CLANG_WARN_EMPTY_BODY = YES;
				CLANG_WARN_ENUM_CONVERSION = YES;
				CLANG_WARN_INFINITE_RECURSION = YES;
				CLANG_WARN_INT_CONVERSION = YES;
				CLANG_WARN_OBJC_ROOT_CLASS = YES_ERROR;
				CLANG_WARN_SUSPICIOUS_MOVE = YES;
				CLANG_WARN_UNREACHABLE_CODE = YES;
				CLANG_WARN__DUPLICATE_METHOD_MATCH = YES;
				"CODE_SIGN_IDENTITY[sdk=iphoneos*]" = "iPhone Developer";
				COPY_PHASE_STRIP = NO;
				DEBUG_INFORMATION_FORMAT = "dwarf-with-dsym";
				ENABLE_NS_ASSERTIONS = NO;
				ENABLE_STRICT_OBJC_MSGSEND = YES;
				GCC_C_LANGUAGE_STANDARD = gnu99;
				GCC_NO_COMMON_BLOCKS = YES;
				GCC_PREFIX_HEADER = intelligentFloor/PrefixHeader.pch;
				GCC_WARN_64_TO_32_BIT_CONVERSION = YES;
				GCC_WARN_ABOUT_RETURN_TYPE = YES_ERROR;
				GCC_WARN_UNDECLARED_SELECTOR = YES;
				GCC_WARN_UNINITIALIZED_AUTOS = YES_AGGRESSIVE;
				GCC_WARN_UNUSED_FUNCTION = YES;
				GCC_WARN_UNUSED_VARIABLE = YES;
				IPHONEOS_DEPLOYMENT_TARGET = 8.4;
				MTL_ENABLE_DEBUG_INFO = NO;
				SDKROOT = iphoneos;
				VALIDATE_PRODUCT = YES;
			};
			name = Release;
		};
		2CA0E7BB1E619B3F00A826E9 /* Debug */ = {
			isa = XCBuildConfiguration;
			baseConfigurationReference = F5CB5BF37732249F352C73B3 /* Pods-intelligentFloor.debug.xcconfig */;
			buildSettings = {
				ASSETCATALOG_COMPILER_APPICON_NAME = AppIcon;
				DEVELOPMENT_TEAM = U6J5965DZK;
				INFOPLIST_FILE = intelligentFloor/Info.plist;
				LD_RUNPATH_SEARCH_PATHS = "$(inherited) @executable_path/Frameworks";
				PRODUCT_BUNDLE_IDENTIFIER = pjhubs.intelligentFloor;
				PRODUCT_NAME = "$(TARGET_NAME)";
			};
			name = Debug;
		};
		2CA0E7BC1E619B3F00A826E9 /* Release */ = {
			isa = XCBuildConfiguration;
			baseConfigurationReference = 31AC3312BA98114DA396568B /* Pods-intelligentFloor.release.xcconfig */;
			buildSettings = {
				ASSETCATALOG_COMPILER_APPICON_NAME = AppIcon;
				DEVELOPMENT_TEAM = U6J5965DZK;
				INFOPLIST_FILE = intelligentFloor/Info.plist;
				LD_RUNPATH_SEARCH_PATHS = "$(inherited) @executable_path/Frameworks";
				PRODUCT_BUNDLE_IDENTIFIER = pjhubs.intelligentFloor;
				PRODUCT_NAME = "$(TARGET_NAME)";
			};
			name = Release;
		};
		2CA0E7BE1E619B3F00A826E9 /* Debug */ = {
			isa = XCBuildConfiguration;
			buildSettings = {
				BUNDLE_LOADER = "$(TEST_HOST)";
				DEVELOPMENT_TEAM = U6J5965DZK;
				INFOPLIST_FILE = intelligentFloorTests/Info.plist;
				LD_RUNPATH_SEARCH_PATHS = "$(inherited) @executable_path/Frameworks @loader_path/Frameworks";
				PRODUCT_BUNDLE_IDENTIFIER = pjhubs.intelligentFloorTests;
				PRODUCT_NAME = "$(TARGET_NAME)";
				TEST_HOST = "$(BUILT_PRODUCTS_DIR)/intelligentFloor.app/intelligentFloor";
			};
			name = Debug;
		};
		2CA0E7BF1E619B3F00A826E9 /* Release */ = {
			isa = XCBuildConfiguration;
			buildSettings = {
				BUNDLE_LOADER = "$(TEST_HOST)";
				DEVELOPMENT_TEAM = U6J5965DZK;
				INFOPLIST_FILE = intelligentFloorTests/Info.plist;
				LD_RUNPATH_SEARCH_PATHS = "$(inherited) @executable_path/Frameworks @loader_path/Frameworks";
				PRODUCT_BUNDLE_IDENTIFIER = pjhubs.intelligentFloorTests;
				PRODUCT_NAME = "$(TARGET_NAME)";
				TEST_HOST = "$(BUILT_PRODUCTS_DIR)/intelligentFloor.app/intelligentFloor";
			};
			name = Release;
		};
		2CA0E7C11E619B3F00A826E9 /* Debug */ = {
			isa = XCBuildConfiguration;
			buildSettings = {
				DEVELOPMENT_TEAM = U6J5965DZK;
				INFOPLIST_FILE = intelligentFloorUITests/Info.plist;
				LD_RUNPATH_SEARCH_PATHS = "$(inherited) @executable_path/Frameworks @loader_path/Frameworks";
				PRODUCT_BUNDLE_IDENTIFIER = pjhubs.intelligentFloorUITests;
				PRODUCT_NAME = "$(TARGET_NAME)";
				TEST_TARGET_NAME = intelligentFloor;
			};
			name = Debug;
		};
		2CA0E7C21E619B3F00A826E9 /* Release */ = {
			isa = XCBuildConfiguration;
			buildSettings = {
				DEVELOPMENT_TEAM = U6J5965DZK;
				INFOPLIST_FILE = intelligentFloorUITests/Info.plist;
				LD_RUNPATH_SEARCH_PATHS = "$(inherited) @executable_path/Frameworks @loader_path/Frameworks";
				PRODUCT_BUNDLE_IDENTIFIER = pjhubs.intelligentFloorUITests;
				PRODUCT_NAME = "$(TARGET_NAME)";
				TEST_TARGET_NAME = intelligentFloor;
			};
			name = Release;
		};
/* End XCBuildConfiguration section */

/* Begin XCConfigurationList section */
		2CA0E7881E619B3F00A826E9 /* Build configuration list for PBXProject "intelligentFloor" */ = {
			isa = XCConfigurationList;
			buildConfigurations = (
				2CA0E7B81E619B3F00A826E9 /* Debug */,
				2CA0E7B91E619B3F00A826E9 /* Release */,
			);
			defaultConfigurationIsVisible = 0;
			defaultConfigurationName = Debug;
		};
		2CA0E7BA1E619B3F00A826E9 /* Build configuration list for PBXNativeTarget "intelligentFloor" */ = {
			isa = XCConfigurationList;
			buildConfigurations = (
				2CA0E7BB1E619B3F00A826E9 /* Debug */,
				2CA0E7BC1E619B3F00A826E9 /* Release */,
			);
			defaultConfigurationIsVisible = 0;
			defaultConfigurationName = Debug;
		};
		2CA0E7BD1E619B3F00A826E9 /* Build configuration list for PBXNativeTarget "intelligentFloorTests" */ = {
			isa = XCConfigurationList;
			buildConfigurations = (
				2CA0E7BE1E619B3F00A826E9 /* Debug */,
				2CA0E7BF1E619B3F00A826E9 /* Release */,
			);
			defaultConfigurationIsVisible = 0;
			defaultConfigurationName = Debug;
		};
		2CA0E7C01E619B3F00A826E9 /* Build configuration list for PBXNativeTarget "intelligentFloorUITests" */ = {
			isa = XCConfigurationList;
			buildConfigurations = (
				2CA0E7C11E619B3F00A826E9 /* Debug */,
				2CA0E7C21E619B3F00A826E9 /* Release */,
			);
			defaultConfigurationIsVisible = 0;
			defaultConfigurationName = Debug;
		};
/* End XCConfigurationList section */
	};
	rootObject = 2CA0E7851E619B3F00A826E9 /* Project object */;
}
